
Microsoft Visual Studio Solution File, Format Version 12.00
# Visual Studio Version 17
VisualStudioVersion = 17.2.32519.379
MinimumVisualStudioVersion = 10.0.40219.1
Project("{FAE04EC0-301F-11D3-BF4B-00C04F79EFBC}") = "Mandelbrot.Test", "Mandelbrot\Test\Mandelbrot.Test.csproj", "{9D544757-7C7B-42BE-83A6-EB1D563E9EA1}"
EndProject
Project("{FAE04EC0-301F-11D3-BF4B-00C04F79EFBC}") = "Mandelbrot.Server", "Mandelbrot\Server\Mandelbrot.Server.csproj", "{DC1A15A6-98F8-45B1-B799-B5FB184550A6}"
EndProject
Project("{FAE04EC0-301F-11D3-BF4B-00C04F79EFBC}") = "Mandelbrot.Client", "Mandelbrot\Client\Mandelbrot.Client.csproj", "{B1E1698B-6C42-4555-B6AA-3A3F87B8F897}"
EndProject
Project("{FAE04EC0-301F-11D3-BF4B-00C04F79EFBC}") = "Mandelbrot.Shared", "Mandelbrot\Shared\Mandelbrot.Shared.csproj", "{30F15DD1-4B2A-4900-A8DD-DF48F888BB0A}"
EndProject
Project("{FAE04EC0-301F-11D3-BF4B-00C04F79EFBC}") = "Mandelbrot.ConsoleApp", "Mandelbrot\ConsoleApp\Mandelbrot.ConsoleApp.csproj", "{9788CF6A-0EF5-4424-AFB8-E96C5D50423F}"
EndProject
Global
	GlobalSection(SolutionConfigurationPlatforms) = preSolution
		Debug|Any CPU = Debug|Any CPU
		Release|Any CPU = Release|Any CPU
	EndGlobalSection
	GlobalSection(ProjectConfigurationPlatforms) = postSolution
		{9D544757-7C7B-42BE-83A6-EB1D563E9EA1}.Debug|Any CPU.ActiveCfg = Debug|Any CPU
		{9D544757-7C7B-42BE-83A6-EB1D563E9EA1}.Debug|Any CPU.Build.0 = Debug|Any CPU
		{9D544757-7C7B-42BE-83A6-EB1D563E9EA1}.Release|Any CPU.ActiveCfg = Release|Any CPU
		{9D544757-7C7B-42BE-83A6-EB1D563E9EA1}.Release|Any CPU.Build.0 = Release|Any CPU
		{DC1A15A6-98F8-45B1-B799-B5FB184550A6}.Debug|Any CPU.ActiveCfg = Debug|Any CPU
		{DC1A15A6-98F8-45B1-B799-B5FB184550A6}.Debug|Any CPU.Build.0 = Debug|Any CPU
		{DC1A15A6-98F8-45B1-B799-B5FB184550A6}.Release|Any CPU.ActiveCfg = Release|Any CPU
		{DC1A15A6-98F8-45B1-B799-B5FB184550A6}.Release|Any CPU.Build.0 = Release|Any CPU
		{B1E1698B-6C42-4555-B6AA-3A3F87B8F897}.Debug|Any CPU.ActiveCfg = Debug|Any CPU
		{B1E1698B-6C42-4555-B6AA-3A3F87B8F897}.Debug|Any CPU.Build.0 = Debug|Any CPU
		{B1E1698B-6C42-4555-B6AA-3A3F87B8F897}.Release|Any CPU.ActiveCfg = Release|Any CPU
		{B1E1698B-6C42-4555-B6AA-3A3F87B8F897}.Release|Any CPU.Build.0 = Release|Any CPU
		{30F15DD1-4B2A-4900-A8DD-DF48F888BB0A}.Debug|Any CPU.ActiveCfg = Debug|Any CPU
		{30F15DD1-4B2A-4900-A8DD-DF48F888BB0A}.Debug|Any CPU.Build.0 = Debug|Any CPU
		{30F15DD1-4B2A-4900-A8DD-DF48F888BB0A}.Release|Any CPU.ActiveCfg = Release|Any CPU
		{30F15DD1-4B2A-4900-A8DD-DF48F888BB0A}.Release|Any CPU.Build.0 = Release|Any CPU
		{9788CF6A-0EF5-4424-AFB8-E96C5D50423F}.Debug|Any CPU.ActiveCfg = Debug|Any CPU
		{9788CF6A-0EF5-4424-AFB8-E96C5D50423F}.Debug|Any CPU.Build.0 = Debug|Any CPU
		{9788CF6A-0EF5-4424-AFB8-E96C5D50423F}.Release|Any CPU.ActiveCfg = Release|Any CPU
		{9788CF6A-0EF5-4424-AFB8-E96C5D50423F}.Release|Any CPU.Build.0 = Release|Any CPU
	EndGlobalSection
	GlobalSection(SolutionProperties) = preSolution
		HideSolutionNode = FALSE
	EndGlobalSection
	GlobalSection(ExtensibilityGlobals) = postSolution
		SolutionGuid = {CDDA7F2C-1B74-4051-B132-7953DD4412EB}
	EndGlobalSection
EndGlobal
